
Microsoft Visual Studio Solution File, Format Version 12.00
# Visual Studio 15
VisualStudioVersion = 15.0.28307.705
MinimumVisualStudioVersion = 10.0.40219.1
Project("{9A19103F-16F7-4668-BE54-9A1E7A4F7556}") = "SKK.Hive.AzureTableStorageToCSV", "SKK.Hive.AzureTableStorageToCSV\SKK.Hive.AzureTableStorageToCSV.csproj", "{BF1D6F79-AB74-4589-8109-3251E239D697}"
EndProject
Global
	GlobalSection(SolutionConfigurationPlatforms) = preSolution
		Debug|Any CPU = Debug|Any CPU
		Release|Any CPU = Release|Any CPU
	EndGlobalSection
	GlobalSection(ProjectConfigurationPlatforms) = postSolution
		{BF1D6F79-AB74-4589-8109-3251E239D697}.Debug|Any CPU.ActiveCfg = Debug|Any CPU
		{BF1D6F79-AB74-4589-8109-3251E239D697}.Debug|Any CPU.Build.0 = Debug|Any CPU
		{BF1D6F79-AB74-4589-8109-3251E239D697}.Release|Any CPU.ActiveCfg = Release|Any CPU
		{BF1D6F79-AB74-4589-8109-3251E239D697}.Release|Any CPU.Build.0 = Release|Any CPU
	EndGlobalSection
	GlobalSection(SolutionProperties) = preSolution
		HideSolutionNode = FALSE
	EndGlobalSection
	GlobalSection(ExtensibilityGlobals) = postSolution
		SolutionGuid = {3A89C4A1-6490-425F-9292-8BF4A97129FB}
	EndGlobalSection
EndGlobal
